
Microsoft Visual Studio Solution File, Format Version 12.00
# Visual Studio Version 16
VisualStudioVersion = 16.0.31005.135
MinimumVisualStudioVersion = 10.0.40219.1
Project("{FAE04EC0-301F-11D3-BF4B-00C04F79EFBC}") = "PontosWebApi", "pontos-web-api\PontosWebApi.csproj", "{40E60BA6-EA69-4EC5-826A-0495A1A468B9}"
EndProject
Global
	GlobalSection(SolutionConfigurationPlatforms) = preSolution
		Debug|Any CPU = Debug|Any CPU
		Release|Any CPU = Release|Any CPU
	EndGlobalSection
	GlobalSection(ProjectConfigurationPlatforms) = postSolution
		{40E60BA6-EA69-4EC5-826A-0495A1A468B9}.Debug|Any CPU.ActiveCfg = Debug|Any CPU
		{40E60BA6-EA69-4EC5-826A-0495A1A468B9}.Debug|Any CPU.Build.0 = Debug|Any CPU
		{40E60BA6-EA69-4EC5-826A-0495A1A468B9}.Release|Any CPU.ActiveCfg = Release|Any CPU
		{40E60BA6-EA69-4EC5-826A-0495A1A468B9}.Release|Any CPU.Build.0 = Release|Any CPU
	EndGlobalSection
	GlobalSection(SolutionProperties) = preSolution
		HideSolutionNode = FALSE
	EndGlobalSection
	GlobalSection(ExtensibilityGlobals) = postSolution
		SolutionGuid = {082A316F-6C92-4C16-8A3C-6389E3009154}
	EndGlobalSection
EndGlobal
